
Microsoft Visual Studio Solution File, Format Version 12.00
# Visual Studio Version 17
VisualStudioVersion = 17.11.35312.102
MinimumVisualStudioVersion = 10.0.40219.1
Project("{8BC9CEB8-8B4A-11D0-8D11-00A0C91BC942}") = "BOJ_17212", "BOJ_17212.vcxproj", "{4C63BCD0-429C-4EFD-89C8-08C7C6DB0DBF}"
EndProject
Global
	GlobalSection(SolutionConfigurationPlatforms) = preSolution
		Debug|x64 = Debug|x64
		Release|x64 = Release|x64
	EndGlobalSection
	GlobalSection(ProjectConfigurationPlatforms) = postSolution
		{4C63BCD0-429C-4EFD-89C8-08C7C6DB0DBF}.Debug|x64.ActiveCfg = Debug|x64
		{4C63BCD0-429C-4EFD-89C8-08C7C6DB0DBF}.Debug|x64.Build.0 = Debug|x64
		{4C63BCD0-429C-4EFD-89C8-08C7C6DB0DBF}.Release|x64.ActiveCfg = Release|x64
		{4C63BCD0-429C-4EFD-89C8-08C7C6DB0DBF}.Release|x64.Build.0 = Release|x64
	EndGlobalSection
	GlobalSection(SolutionProperties) = preSolution
		HideSolutionNode = FALSE
	EndGlobalSection
	GlobalSection(ExtensibilityGlobals) = postSolution
		SolutionGuid = {88622BD7-2AD1-4B45-8F6B-E9E9732C6005}
	EndGlobalSection
EndGlobal
